{
  "name": "leecode",
  "version": "0.0.1",
  "lockfileVersion": 1,
  "requires": true,
  "dependencies": {
    "acorn": {
      "version": "4.0.13",
      "resolved": "https://registry.npmjs.org/acorn/-/acorn-4.0.13.tgz",
      "integrity": "sha1-EFSVrlNh1pe9GVyCUZLhrX8lN4c="
    },
    "acorn-es7-plugin": {
      "version": "1.1.7",
      "resolved": "https://registry.npmjs.org/acorn-es7-plugin/-/acorn-es7-plugin-1.1.7.tgz",
      "integrity": "sha1-8u4fMiipDurRJF+asZIusucdM2s="
    },
    "array-filter": {
      "version": "1.0.0",
      "resolved": "https://registry.npmjs.org/array-filter/-/array-filter-1.0.0.tgz",
      "integrity": "sha1-uveeYubvTCpMC4MSMtr/7CUfnYM="
    },
    "balanced-match": {
      "version": "1.0.0",
      "resolved": "https://registry.npmjs.org/balanced-match/-/balanced-match-1.0.0.tgz",
      "integrity": "sha1-ibTRmasr7kneFk6gK4nORi1xt2c="
    },
    "brace-expansion": {
      "version": "1.1.11",
      "resolved": "https://registry.npmjs.org/brace-expansion/-/brace-expansion-1.1.11.tgz",
      "integrity": "sha512-iCuPHDFgrHX7H2vEI/5xpz07zSHB00TpugqhmYtVmMO6518mCuRMoOYFldEBl0g187ufozdaHgWKcYFb61qGiA==",
      "requires": {
        "balanced-match": "1.0.0",
        "concat-map": "0.0.1"
      }
    },
    "browser-stdout": {
      "version": "1.3.0",
      "resolved": "https://registry.npmjs.org/browser-stdout/-/browser-stdout-1.3.0.tgz",
      "integrity": "sha1-81HTKWnTL6XXpVZxVCY9korjvR8="
    },
    "call-signature": {
      "version": "0.0.2",
      "resolved": "https://registry.npmjs.org/call-signature/-/call-signature-0.0.2.tgz",
      "integrity": "sha1-qEq8glpV70yysCi9dOIFpluaSZY="
    },
    "commander": {
      "version": "2.11.0",
      "resolved": "https://registry.npmjs.org/commander/-/commander-2.11.0.tgz",
      "integrity": "sha512-b0553uYA5YAEGgyYIGYROzKQ7X5RAqedkfjiZxwi0kL1g3bOaBNNZfYkzt/CL0umgD5wc9Jec2FbB98CjkMRvQ=="
    },
    "concat-map": {
      "version": "0.0.1",
      "resolved": "https://registry.npmjs.org/concat-map/-/concat-map-0.0.1.tgz",
      "integrity": "sha1-2Klr13/Wjfd5OnMDajug1UBdR3s="
    },
    "core-js": {
      "version": "2.5.3",
      "resolved": "https://registry.npmjs.org/core-js/-/core-js-2.5.3.tgz",
      "integrity": "sha1-isw4NFgk8W2DZbfJtCWRaOjtYD4="
    },
    "debug": {
      "version": "3.1.0",
      "resolved": "https://registry.npmjs.org/debug/-/debug-3.1.0.tgz",
      "integrity": "sha512-OX8XqP7/1a9cqkxYw2yXss15f26NKWBpDXQd0/uK/KPqdQhxbPa994hnzjcE2VqQpDslf55723cKPUOGSmMY3g==",
      "requires": {
        "ms": "2.0.0"
      }
    },
    "define-properties": {
      "version": "1.1.2",
      "resolved": "https://registry.npmjs.org/define-properties/-/define-properties-1.1.2.tgz",
      "integrity": "sha1-g6c/L+pWmJj7c3GTyPhzyvbUXJQ=",
      "requires": {
        "foreach": "2.0.5",
        "object-keys": "1.0.11"
      }
    },
    "diff": {
      "version": "3.3.1",
      "resolved": "https://registry.npmjs.org/diff/-/diff-3.3.1.tgz",
      "integrity": "sha512-MKPHZDMB0o6yHyDryUOScqZibp914ksXwAMYMTHj6KO8UeKsRYNJD3oNCKjTqZon+V488P7N/HzXF8t7ZR95ww=="
    },
    "diff-match-patch": {
      "version": "1.0.0",
      "resolved": "https://registry.npmjs.org/diff-match-patch/-/diff-match-patch-1.0.0.tgz",
      "integrity": "sha1-HMPIOkkNZ/ldkeOfatHy4Ia2MEg="
    },
    "eastasianwidth": {
      "version": "0.1.1",
      "resolved": "https://registry.npmjs.org/eastasianwidth/-/eastasianwidth-0.1.1.tgz",
      "integrity": "sha1-RNZW3p2kFWlEZzNTZfsxR7hXK3w="
    },
    "empower": {
      "version": "1.2.3",
      "resolved": "https://registry.npmjs.org/empower/-/empower-1.2.3.tgz",
      "integrity": "sha1-bw2nNEf07dg4/sXGAxOoi6XLhSs=",
      "requires": {
        "core-js": "2.5.3",
        "empower-core": "0.6.2"
      }
    },
    "empower-core": {
      "version": "0.6.2",
      "resolved": "https://registry.npmjs.org/empower-core/-/empower-core-0.6.2.tgz",
      "integrity": "sha1-Wt71ZgiOMfuoC6CjbfR9cJQWkUQ=",
      "requires": {
        "call-signature": "0.0.2",
        "core-js": "2.5.3"
      }
    },
    "escape-string-regexp": {
      "version": "1.0.5",
      "resolved": "https://registry.npmjs.org/escape-string-regexp/-/escape-string-regexp-1.0.5.tgz",
      "integrity": "sha1-G2HAViGQqN/2rjuyzwIAyhMLhtQ="
    },
    "espurify": {
      "version": "1.7.0",
      "resolved": "https://registry.npmjs.org/espurify/-/espurify-1.7.0.tgz",
      "integrity": "sha1-HFz2y8zDLm9jk4C9T5kfq5up0iY=",
      "requires": {
        "core-js": "2.5.3"
      }
    },
    "estraverse": {
      "version": "4.2.0",
      "resolved": "https://registry.npmjs.org/estraverse/-/estraverse-4.2.0.tgz",
      "integrity": "sha1-De4/7TH81GlhjOc0IJn8GvoL2xM="
    },
    "foreach": {
      "version": "2.0.5",
      "resolved": "https://registry.npmjs.org/foreach/-/foreach-2.0.5.tgz",
      "integrity": "sha1-C+4AUBiusmDQo6865ljdATbsG5k="
    },
    "fs.realpath": {
      "version": "1.0.0",
      "resolved": "https://registry.npmjs.org/fs.realpath/-/fs.realpath-1.0.0.tgz",
      "integrity": "sha1-FQStJSMVjKpA20onh8sBQRmU6k8="
    },
    "glob": {
      "version": "7.1.2",
      "resolved": "https://registry.npmjs.org/glob/-/glob-7.1.2.tgz",
      "integrity": "sha512-MJTUg1kjuLeQCJ+ccE4Vpa6kKVXkPYJ2mOCQyUuKLcLQsdrMCpBPUi8qVE6+YuaJkozeA9NusTAw3hLr8Xe5EQ==",
      "requires": {
        "fs.realpath": "1.0.0",
        "inflight": "1.0.6",
        "inherits": "2.0.3",
        "minimatch": "3.0.4",
        "once": "1.4.0",
        "path-is-absolute": "1.0.1"
      }
    },
    "growl": {
      "version": "1.10.3",
      "resolved": "https://registry.npmjs.org/growl/-/growl-1.10.3.tgz",
      "integrity": "sha512-hKlsbA5Vu3xsh1Cg3J7jSmX/WaW6A5oBeqzM88oNbCRQFz+zUaXm6yxS4RVytp1scBoJzSYl4YAEOQIt6O8V1Q=="
    },
    "has-flag": {
      "version": "2.0.0",
      "resolved": "https://registry.npmjs.org/has-flag/-/has-flag-2.0.0.tgz",
      "integrity": "sha1-6CB68cx7MNRGzHC3NLXovhj4jVE="
    },
    "he": {
      "version": "1.1.1",
      "resolved": "https://registry.npmjs.org/he/-/he-1.1.1.tgz",
      "integrity": "sha1-k0EP0hsAlzUVH4howvJx80J+I/0="
    },
    "indexof": {
      "version": "0.0.1",
      "resolved": "https://registry.npmjs.org/indexof/-/indexof-0.0.1.tgz",
      "integrity": "sha1-gtwzbSMrkGIXnQWrMpOmYFn9Q10="
    },
    "inflight": {
      "version": "1.0.6",
      "resolved": "https://registry.npmjs.org/inflight/-/inflight-1.0.6.tgz",
      "integrity": "sha1-Sb1jMdfQLQwJvJEKEHW6gWW1bfk=",
      "requires": {
        "once": "1.4.0",
        "wrappy": "1.0.2"
      }
    },
    "inherits": {
      "version": "2.0.3",
      "resolved": "https://registry.npmjs.org/inherits/-/inherits-2.0.3.tgz",
      "integrity": "sha1-Yzwsg+PaQqUC9SRmAiSA9CCCYd4="
    },
    "minimatch": {
      "version": "3.0.4",
      "resolved": "https://registry.npmjs.org/minimatch/-/minimatch-3.0.4.tgz",
      "integrity": "sha512-yJHVQEhyqPLUTgt9B83PXu6W3rx4MvvHvSUvToogpwoGDOUQ+yDrR0HRot+yOCdCO7u4hX3pWft6kWBBcqh0UA==",
      "requires": {
        "brace-expansion": "1.1.11"
      }
    },
    "minimist": {
      "version": "0.0.8",
      "resolved": "https://registry.npmjs.org/minimist/-/minimist-0.0.8.tgz",
      "integrity": "sha1-hX/Kv8M5fSYluCKCYuhqp6ARsF0="
    },
    "mkdirp": {
      "version": "0.5.1",
      "resolved": "https://registry.npmjs.org/mkdirp/-/mkdirp-0.5.1.tgz",
      "integrity": "sha1-MAV0OOrGz3+MR2fzhkjWaX11yQM=",
      "requires": {
        "minimist": "0.0.8"
      }
    },
    "mocha": {
      "version": "4.1.0",
      "resolved": "https://registry.npmjs.org/mocha/-/mocha-4.1.0.tgz",
      "integrity": "sha512-0RVnjg1HJsXY2YFDoTNzcc1NKhYuXKRrBAG2gDygmJJA136Cs2QlRliZG1mA0ap7cuaT30mw16luAeln+4RiNA==",
      "requires": {
        "browser-stdout": "1.3.0",
        "commander": "2.11.0",
        "debug": "3.1.0",
        "diff": "3.3.1",
        "escape-string-regexp": "1.0.5",
        "glob": "7.1.2",
        "growl": "1.10.3",
        "he": "1.1.1",
        "mkdirp": "0.5.1",
        "supports-color": "4.4.0"
      }
    },
    "ms": {
      "version": "2.0.0",
      "resolved": "https://registry.npmjs.org/ms/-/ms-2.0.0.tgz",
      "integrity": "sha1-VgiurfwAvmwpAd9fmGF4jeDVl8g="
    },
    "object-keys": {
      "version": "1.0.11",
      "resolved": "https://registry.npmjs.org/object-keys/-/object-keys-1.0.11.tgz",
      "integrity": "sha1-xUYBd4rVYPEULODgG8yotW0TQm0="
    },
    "once": {
      "version": "1.4.0",
      "resolved": "https://registry.npmjs.org/once/-/once-1.4.0.tgz",
      "integrity": "sha1-WDsap3WWHUsROsF9nFC6753Xa9E=",
      "requires": {
        "wrappy": "1.0.2"
      }
    },
    "path-is-absolute": {
      "version": "1.0.1",
      "resolved": "https://registry.npmjs.org/path-is-absolute/-/path-is-absolute-1.0.1.tgz",
      "integrity": "sha1-F0uSaHNVNP+8es5r9TpanhtcX18="
    },
    "power-assert": {
      "version": "1.4.4",
      "resolved": "https://registry.npmjs.org/power-assert/-/power-assert-1.4.4.tgz",
      "integrity": "sha1-kpXqdDcZb1pgH95CDwQmMRhtdRc=",
      "requires": {
        "define-properties": "1.1.2",
        "empower": "1.2.3",
        "power-assert-formatter": "1.4.1",
        "universal-deep-strict-equal": "1.2.2",
        "xtend": "4.0.1"
      }
    },
    "power-assert-context-formatter": {
      "version": "1.1.1",
      "resolved": "https://registry.npmjs.org/power-assert-context-formatter/-/power-assert-context-formatter-1.1.1.tgz",
      "integrity": "sha1-7bo1LT7YpgMRTWZyZazOYNaJzN8=",
      "requires": {
        "core-js": "2.5.3",
        "power-assert-context-traversal": "1.1.1"
      }
    },
    "power-assert-context-reducer-ast": {
      "version": "1.1.2",
      "resolved": "https://registry.npmjs.org/power-assert-context-reducer-ast/-/power-assert-context-reducer-ast-1.1.2.tgz",
      "integrity": "sha1-SEqZ4m9Jc/+IMuXFzHVnAuYJQXQ=",
      "requires": {
        "acorn": "4.0.13",
        "acorn-es7-plugin": "1.1.7",
        "core-js": "2.5.3",
        "espurify": "1.7.0",
        "estraverse": "4.2.0"
      }
    },
    "power-assert-context-traversal": {
      "version": "1.1.1",
      "resolved": "https://registry.npmjs.org/power-assert-context-traversal/-/power-assert-context-traversal-1.1.1.tgz",
      "integrity": "sha1-iMq8oNE7Y1nwfT0+ivppkmRXftk=",
      "requires": {
        "core-js": "2.5.3",
        "estraverse": "4.2.0"
      }
    },
    "power-assert-formatter": {
      "version": "1.4.1",
      "resolved": "https://registry.npmjs.org/power-assert-formatter/-/power-assert-formatter-1.4.1.tgz",
      "integrity": "sha1-XcEl7VCj37HdomwZNH879Y7CiEo=",
      "requires": {
        "core-js": "2.5.3",
        "power-assert-context-formatter": "1.1.1",
        "power-assert-context-reducer-ast": "1.1.2",
        "power-assert-renderer-assertion": "1.1.1",
        "power-assert-renderer-comparison": "1.1.1",
        "power-assert-renderer-diagram": "1.1.2",
        "power-assert-renderer-file": "1.1.1"
      }
    },
    "power-assert-renderer-assertion": {
      "version": "1.1.1",
      "resolved": "https://registry.npmjs.org/power-assert-renderer-assertion/-/power-assert-renderer-assertion-1.1.1.tgz",
      "integrity": "sha1-y/wOd+AIao+Wrz8djme57n4ozpg=",
      "requires": {
        "power-assert-renderer-base": "1.1.1",
        "power-assert-util-string-width": "1.1.1"
      }
    },
    "power-assert-renderer-base": {
      "version": "1.1.1",
      "resolved": "https://registry.npmjs.org/power-assert-renderer-base/-/power-assert-renderer-base-1.1.1.tgz",
      "integrity": "sha1-lqZQxv0F7hvB9mtUrWFELIs/Y+s="
    },
    "power-assert-renderer-comparison": {
      "version": "1.1.1",
      "resolved": "https://registry.npmjs.org/power-assert-renderer-comparison/-/power-assert-renderer-comparison-1.1.1.tgz",
      "integrity": "sha1-10Odl9hRVr5OMKAPL7WnJRTOPAg=",
      "requires": {
        "core-js": "2.5.3",
        "diff-match-patch": "1.0.0",
        "power-assert-renderer-base": "1.1.1",
        "stringifier": "1.3.0",
        "type-name": "2.0.2"
      }
    },
    "power-assert-renderer-diagram": {
      "version": "1.1.2",
      "resolved": "https://registry.npmjs.org/power-assert-renderer-diagram/-/power-assert-renderer-diagram-1.1.2.tgz",
      "integrity": "sha1-ZV+PcRk1qbbVQbhjJ2VHF8Y3qYY=",
      "requires": {
        "core-js": "2.5.3",
        "power-assert-renderer-base": "1.1.1",
        "power-assert-util-string-width": "1.1.1",
        "stringifier": "1.3.0"
      }
    },
    "power-assert-renderer-file": {
      "version": "1.1.1",
      "resolved": "https://registry.npmjs.org/power-assert-renderer-file/-/power-assert-renderer-file-1.1.1.tgz",
      "integrity": "sha1-o34rvReMys0E5427eckv40kzxec=",
      "requires": {
        "power-assert-renderer-base": "1.1.1"
      }
    },
    "power-assert-util-string-width": {
      "version": "1.1.1",
      "resolved": "https://registry.npmjs.org/power-assert-util-string-width/-/power-assert-util-string-width-1.1.1.tgz",
      "integrity": "sha1-vmWet5N/3S5smncmjar2S9W3xZI=",
      "requires": {
        "eastasianwidth": "0.1.1"
      }
    },
    "stringifier": {
      "version": "1.3.0",
      "resolved": "https://registry.npmjs.org/stringifier/-/stringifier-1.3.0.tgz",
      "integrity": "sha1-3vGDQvaTPbDy2/yaoCF1tEjBeVk=",
      "requires": {
        "core-js": "2.5.3",
        "traverse": "0.6.6",
        "type-name": "2.0.2"
      }
    },
    "supports-color": {
      "version": "4.4.0",
      "resolved": "https://registry.npmjs.org/supports-color/-/supports-color-4.4.0.tgz",
      "integrity": "sha512-rKC3+DyXWgK0ZLKwmRsrkyHVZAjNkfzeehuFWdGGcqGDTZFH73+RH6S/RDAAxl9GusSjZSUWYLmT9N5pzXFOXQ==",
      "requires": {
        "has-flag": "2.0.0"
      }
    },
    "traverse": {
      "version": "0.6.6",
      "resolved": "https://registry.npmjs.org/traverse/-/traverse-0.6.6.tgz",
      "integrity": "sha1-y99WD9e5r2MlAv7UD5GMFX6pcTc="
    },
    "type-name": {
      "version": "2.0.2",
      "resolved": "https://registry.npmjs.org/type-name/-/type-name-2.0.2.tgz",
      "integrity": "sha1-7+fUEj2KxSr/9/QMfk3sUmYAj7Q="
    },
    "universal-deep-strict-equal": {
      "version": "1.2.2",
      "resolved": "https://registry.npmjs.org/universal-deep-strict-equal/-/universal-deep-strict-equal-1.2.2.tgz",
      "integrity": "sha1-DaSsL3PP95JMgfpN4BjKViyisKc=",
      "requires": {
        "array-filter": "1.0.0",
        "indexof": "0.0.1",
        "object-keys": "1.0.11"
      }
    },
    "wrappy": {
      "version": "1.0.2",
      "resolved": "https://registry.npmjs.org/wrappy/-/wrappy-1.0.2.tgz",
      "integrity": "sha1-tSQ9jz7BqjXxNkYFvA0QNuMKtp8="
    },
    "xtend": {
      "version": "4.0.1",
      "resolved": "https://registry.npmjs.org/xtend/-/xtend-4.0.1.tgz",
      "integrity": "sha1-pcbVMr5lbiPbgg77lDofBJmNY68="
    }
  }
}
